
Microsoft Visual Studio Solution File, Format Version 12.00
# Visual Studio Version 17
VisualStudioVersion = 17.12.35527.113
MinimumVisualStudioVersion = 10.0.40219.1
Project("{FAE04EC0-301F-11D3-BF4B-00C04F79EFBC}") = "DndTest", "DndTest\DndTest.csproj", "{24C6C846-A928-4927-8897-0D4331602818}"
EndProject
Project("{2150E333-8FDC-42A3-9474-1A3956D46DE8}") = "Solution Items", "Solution Items", "{F00BED6D-B316-4CCF-9781-67CB926DA628}"
	ProjectSection(SolutionItems) = preProject
		.editorconfig = .editorconfig
		docker-compose.yaml = docker-compose.yaml
		README.md = README.md
	EndProjectSection
EndProject
Project("{FAE04EC0-301F-11D3-BF4B-00C04F79EFBC}") = "VectorSimple", "VectorSimple\VectorSimple.csproj", "{F4A74F50-CDB7-4DA4-AEC6-A8A89E65B331}"
EndProject
Project("{FAE04EC0-301F-11D3-BF4B-00C04F79EFBC}") = "VectorSimpleWithIdentity", "VectorSimpleWithIdentity\VectorSimpleWithIdentity.csproj", "{C3FC2E2B-11C0-D750-6F2D-EDBB4C11F248}"
EndProject
Project("{FAE04EC0-301F-11D3-BF4B-00C04F79EFBC}") = "Mre", "Mre\Mre.csproj", "{B81C4068-5968-BF3E-17F7-85C39207DE33}"
EndProject
Global
	GlobalSection(SolutionConfigurationPlatforms) = preSolution
		Debug|Any CPU = Debug|Any CPU
		Release|Any CPU = Release|Any CPU
	EndGlobalSection
	GlobalSection(ProjectConfigurationPlatforms) = postSolution
		{24C6C846-A928-4927-8897-0D4331602818}.Debug|Any CPU.ActiveCfg = Debug|Any CPU
		{24C6C846-A928-4927-8897-0D4331602818}.Debug|Any CPU.Build.0 = Debug|Any CPU
		{24C6C846-A928-4927-8897-0D4331602818}.Release|Any CPU.ActiveCfg = Release|Any CPU
		{24C6C846-A928-4927-8897-0D4331602818}.Release|Any CPU.Build.0 = Release|Any CPU
		{F4A74F50-CDB7-4DA4-AEC6-A8A89E65B331}.Debug|Any CPU.ActiveCfg = Debug|Any CPU
		{F4A74F50-CDB7-4DA4-AEC6-A8A89E65B331}.Debug|Any CPU.Build.0 = Debug|Any CPU
		{F4A74F50-CDB7-4DA4-AEC6-A8A89E65B331}.Release|Any CPU.ActiveCfg = Release|Any CPU
		{F4A74F50-CDB7-4DA4-AEC6-A8A89E65B331}.Release|Any CPU.Build.0 = Release|Any CPU
		{C3FC2E2B-11C0-D750-6F2D-EDBB4C11F248}.Debug|Any CPU.ActiveCfg = Debug|Any CPU
		{C3FC2E2B-11C0-D750-6F2D-EDBB4C11F248}.Debug|Any CPU.Build.0 = Debug|Any CPU
		{C3FC2E2B-11C0-D750-6F2D-EDBB4C11F248}.Release|Any CPU.ActiveCfg = Release|Any CPU
		{C3FC2E2B-11C0-D750-6F2D-EDBB4C11F248}.Release|Any CPU.Build.0 = Release|Any CPU
		{B81C4068-5968-BF3E-17F7-85C39207DE33}.Debug|Any CPU.ActiveCfg = Debug|Any CPU
		{B81C4068-5968-BF3E-17F7-85C39207DE33}.Debug|Any CPU.Build.0 = Debug|Any CPU
		{B81C4068-5968-BF3E-17F7-85C39207DE33}.Release|Any CPU.ActiveCfg = Release|Any CPU
		{B81C4068-5968-BF3E-17F7-85C39207DE33}.Release|Any CPU.Build.0 = Release|Any CPU
	EndGlobalSection
	GlobalSection(SolutionProperties) = preSolution
		HideSolutionNode = FALSE
	EndGlobalSection
	GlobalSection(ExtensibilityGlobals) = postSolution
		SolutionGuid = {CFE32E00-F0D4-4D11-B5D0-0362BC4F77C9}
	EndGlobalSection
EndGlobal
